
Microsoft Visual Studio Solution File, Format Version 9.00
# Visual Studio 2005
Project("{8BC9CEB8-8B4A-11D0-8D11-00A0C91BC942}") = "Exerc4", "Exerc4\Exerc4.vcproj", "{48F4D791-21DB-4A36-A485-A840E2B4E60F}"
EndProject
Global
	GlobalSection(SolutionConfigurationPlatforms) = preSolution
		Debug|Win32 = Debug|Win32
		Release|Win32 = Release|Win32
	EndGlobalSection
	GlobalSection(ProjectConfigurationPlatforms) = postSolution
		{48F4D791-21DB-4A36-A485-A840E2B4E60F}.Debug|Win32.ActiveCfg = Debug|Win32
		{48F4D791-21DB-4A36-A485-A840E2B4E60F}.Debug|Win32.Build.0 = Debug|Win32
		{48F4D791-21DB-4A36-A485-A840E2B4E60F}.Release|Win32.ActiveCfg = Release|Win32
		{48F4D791-21DB-4A36-A485-A840E2B4E60F}.Release|Win32.Build.0 = Release|Win32
	EndGlobalSection
	GlobalSection(SolutionProperties) = preSolution
		HideSolutionNode = FALSE
	EndGlobalSection
EndGlobal
